
Microsoft Visual Studio Solution File, Format Version 12.00
# Visual Studio Version 17
VisualStudioVersion = 17.9.34728.123
MinimumVisualStudioVersion = 10.0.40219.1
Project("{FAE04EC0-301F-11D3-BF4B-00C04F79EFBC}") = "cross_platform_mkr1", "cross_platform_mkr1.csproj", "{075C4833-7249-4FB2-A8BC-455A47123AE2}"
EndProject
Global
	GlobalSection(SolutionConfigurationPlatforms) = preSolution
		Debug|Any CPU = Debug|Any CPU
		Release|Any CPU = Release|Any CPU
	EndGlobalSection
	GlobalSection(ProjectConfigurationPlatforms) = postSolution
		{075C4833-7249-4FB2-A8BC-455A47123AE2}.Debug|Any CPU.ActiveCfg = Debug|Any CPU
		{075C4833-7249-4FB2-A8BC-455A47123AE2}.Debug|Any CPU.Build.0 = Debug|Any CPU
		{075C4833-7249-4FB2-A8BC-455A47123AE2}.Release|Any CPU.ActiveCfg = Release|Any CPU
		{075C4833-7249-4FB2-A8BC-455A47123AE2}.Release|Any CPU.Build.0 = Release|Any CPU
	EndGlobalSection
	GlobalSection(SolutionProperties) = preSolution
		HideSolutionNode = FALSE
	EndGlobalSection
	GlobalSection(ExtensibilityGlobals) = postSolution
		SolutionGuid = {F3BC0F2B-C44C-4715-943D-604F419A1F26}
	EndGlobalSection
EndGlobal
